
Microsoft Visual Studio Solution File, Format Version 12.00
# Visual Studio Version 16
VisualStudioVersion = 16.0.30711.63
MinimumVisualStudioVersion = 10.0.40219.1
Project("{FAE04EC0-301F-11D3-BF4B-00C04F79EFBC}") = "BlazorApp1.Server", "BlazorApp1\Server\BlazorApp1.Server.csproj", "{8DED4EEB-A56B-48DB-8863-5B25BE54373F}"
EndProject
Project("{FAE04EC0-301F-11D3-BF4B-00C04F79EFBC}") = "BlazorApp1.Client", "BlazorApp1\Client\BlazorApp1.Client.csproj", "{84FCDE82-1C37-490D-A8BB-842292BE545A}"
EndProject
Project("{FAE04EC0-301F-11D3-BF4B-00C04F79EFBC}") = "BlazorApp1.Shared", "BlazorApp1\Shared\BlazorApp1.Shared.csproj", "{1F4902DE-0250-4E48-BD1E-DBF4AADC1722}"
EndProject
Global
	GlobalSection(SolutionConfigurationPlatforms) = preSolution
		Debug|Any CPU = Debug|Any CPU
		Release|Any CPU = Release|Any CPU
	EndGlobalSection
	GlobalSection(ProjectConfigurationPlatforms) = postSolution
		{8DED4EEB-A56B-48DB-8863-5B25BE54373F}.Debug|Any CPU.ActiveCfg = Debug|Any CPU
		{8DED4EEB-A56B-48DB-8863-5B25BE54373F}.Debug|Any CPU.Build.0 = Debug|Any CPU
		{8DED4EEB-A56B-48DB-8863-5B25BE54373F}.Release|Any CPU.ActiveCfg = Release|Any CPU
		{8DED4EEB-A56B-48DB-8863-5B25BE54373F}.Release|Any CPU.Build.0 = Release|Any CPU
		{84FCDE82-1C37-490D-A8BB-842292BE545A}.Debug|Any CPU.ActiveCfg = Debug|Any CPU
		{84FCDE82-1C37-490D-A8BB-842292BE545A}.Debug|Any CPU.Build.0 = Debug|Any CPU
		{84FCDE82-1C37-490D-A8BB-842292BE545A}.Release|Any CPU.ActiveCfg = Release|Any CPU
		{84FCDE82-1C37-490D-A8BB-842292BE545A}.Release|Any CPU.Build.0 = Release|Any CPU
		{1F4902DE-0250-4E48-BD1E-DBF4AADC1722}.Debug|Any CPU.ActiveCfg = Debug|Any CPU
		{1F4902DE-0250-4E48-BD1E-DBF4AADC1722}.Debug|Any CPU.Build.0 = Debug|Any CPU
		{1F4902DE-0250-4E48-BD1E-DBF4AADC1722}.Release|Any CPU.ActiveCfg = Release|Any CPU
		{1F4902DE-0250-4E48-BD1E-DBF4AADC1722}.Release|Any CPU.Build.0 = Release|Any CPU
	EndGlobalSection
	GlobalSection(SolutionProperties) = preSolution
		HideSolutionNode = FALSE
	EndGlobalSection
	GlobalSection(ExtensibilityGlobals) = postSolution
		SolutionGuid = {0918E29E-C864-4F85-A692-711A26F5218D}
	EndGlobalSection
EndGlobal
